
Microsoft Visual Studio Solution File, Format Version 12.00
# Visual Studio Version 17
VisualStudioVersion = 17.0.31919.166
MinimumVisualStudioVersion = 10.0.40219.1
Project("{FAE04EC0-301F-11D3-BF4B-00C04F79EFBC}") = "Photography_MVC", "Test2MVC\Photography_MVC.csproj", "{D2E413EC-5271-41B0-84F5-53AFEF84A8D9}"
EndProject
Project("{FAE04EC0-301F-11D3-BF4B-00C04F79EFBC}") = "BusinessLayer", "TestCL\BusinessLayer.csproj", "{3DBE001B-07F1-47CB-904B-562FBDAF2310}"
	ProjectSection(ProjectDependencies) = postProject
		{66D252D4-BEE5-4B86-9230-CC264B909273} = {66D252D4-BEE5-4B86-9230-CC264B909273}
	EndProjectSection
EndProject
Project("{FAE04EC0-301F-11D3-BF4B-00C04F79EFBC}") = "Models", "Models\Models.csproj", "{BE5D48A6-40DF-4B25-BD39-EBD7069C4FFF}"
EndProject
Project("{FAE04EC0-301F-11D3-BF4B-00C04F79EFBC}") = "DataAccess", "DataAccess\DataAccess.csproj", "{669ED850-47E0-43CC-919F-8496340976F8}"
EndProject
Project("{FAE04EC0-301F-11D3-BF4B-00C04F79EFBC}") = "MyPhotographyService", "MyPhotographyService\MyPhotographyService.csproj", "{66D252D4-BEE5-4B86-9230-CC264B909273}"
EndProject
Global
	GlobalSection(SolutionConfigurationPlatforms) = preSolution
		Debug|Any CPU = Debug|Any CPU
		Debug|ARM = Debug|ARM
		Debug|ARM64 = Debug|ARM64
		Debug|x64 = Debug|x64
		Debug|x86 = Debug|x86
		Release|Any CPU = Release|Any CPU
		Release|ARM = Release|ARM
		Release|ARM64 = Release|ARM64
		Release|x64 = Release|x64
		Release|x86 = Release|x86
	EndGlobalSection
	GlobalSection(ProjectConfigurationPlatforms) = postSolution
		{D2E413EC-5271-41B0-84F5-53AFEF84A8D9}.Debug|Any CPU.ActiveCfg = Debug|Any CPU
		{D2E413EC-5271-41B0-84F5-53AFEF84A8D9}.Debug|Any CPU.Build.0 = Debug|Any CPU
		{D2E413EC-5271-41B0-84F5-53AFEF84A8D9}.Debug|ARM.ActiveCfg = Debug|Any CPU
		{D2E413EC-5271-41B0-84F5-53AFEF84A8D9}.Debug|ARM.Build.0 = Debug|Any CPU
		{D2E413EC-5271-41B0-84F5-53AFEF84A8D9}.Debug|ARM64.ActiveCfg = Debug|Any CPU
		{D2E413EC-5271-41B0-84F5-53AFEF84A8D9}.Debug|ARM64.Build.0 = Debug|Any CPU
		{D2E413EC-5271-41B0-84F5-53AFEF84A8D9}.Debug|x64.ActiveCfg = Debug|Any CPU
		{D2E413EC-5271-41B0-84F5-53AFEF84A8D9}.Debug|x64.Build.0 = Debug|Any CPU
		{D2E413EC-5271-41B0-84F5-53AFEF84A8D9}.Debug|x86.ActiveCfg = Debug|Any CPU
		{D2E413EC-5271-41B0-84F5-53AFEF84A8D9}.Debug|x86.Build.0 = Debug|Any CPU
		{D2E413EC-5271-41B0-84F5-53AFEF84A8D9}.Release|Any CPU.ActiveCfg = Release|Any CPU
		{D2E413EC-5271-41B0-84F5-53AFEF84A8D9}.Release|Any CPU.Build.0 = Release|Any CPU
		{D2E413EC-5271-41B0-84F5-53AFEF84A8D9}.Release|ARM.ActiveCfg = Release|Any CPU
		{D2E413EC-5271-41B0-84F5-53AFEF84A8D9}.Release|ARM.Build.0 = Release|Any CPU
		{D2E413EC-5271-41B0-84F5-53AFEF84A8D9}.Release|ARM64.ActiveCfg = Release|Any CPU
		{D2E413EC-5271-41B0-84F5-53AFEF84A8D9}.Release|ARM64.Build.0 = Release|Any CPU
		{D2E413EC-5271-41B0-84F5-53AFEF84A8D9}.Release|x64.ActiveCfg = Release|Any CPU
		{D2E413EC-5271-41B0-84F5-53AFEF84A8D9}.Release|x64.Build.0 = Release|Any CPU
		{D2E413EC-5271-41B0-84F5-53AFEF84A8D9}.Release|x86.ActiveCfg = Release|Any CPU
		{D2E413EC-5271-41B0-84F5-53AFEF84A8D9}.Release|x86.Build.0 = Release|Any CPU
		{3DBE001B-07F1-47CB-904B-562FBDAF2310}.Debug|Any CPU.ActiveCfg = Debug|Any CPU
		{3DBE001B-07F1-47CB-904B-562FBDAF2310}.Debug|Any CPU.Build.0 = Debug|Any CPU
		{3DBE001B-07F1-47CB-904B-562FBDAF2310}.Debug|ARM.ActiveCfg = Debug|Any CPU
		{3DBE001B-07F1-47CB-904B-562FBDAF2310}.Debug|ARM.Build.0 = Debug|Any CPU
		{3DBE001B-07F1-47CB-904B-562FBDAF2310}.Debug|ARM64.ActiveCfg = Debug|Any CPU
		{3DBE001B-07F1-47CB-904B-562FBDAF2310}.Debug|ARM64.Build.0 = Debug|Any CPU
		{3DBE001B-07F1-47CB-904B-562FBDAF2310}.Debug|x64.ActiveCfg = Debug|Any CPU
		{3DBE001B-07F1-47CB-904B-562FBDAF2310}.Debug|x64.Build.0 = Debug|Any CPU
		{3DBE001B-07F1-47CB-904B-562FBDAF2310}.Debug|x86.ActiveCfg = Debug|Any CPU
		{3DBE001B-07F1-47CB-904B-562FBDAF2310}.Debug|x86.Build.0 = Debug|Any CPU
		{3DBE001B-07F1-47CB-904B-562FBDAF2310}.Release|Any CPU.ActiveCfg = Release|Any CPU
		{3DBE001B-07F1-47CB-904B-562FBDAF2310}.Release|Any CPU.Build.0 = Release|Any CPU
		{3DBE001B-07F1-47CB-904B-562FBDAF2310}.Release|ARM.ActiveCfg = Release|Any CPU
		{3DBE001B-07F1-47CB-904B-562FBDAF2310}.Release|ARM.Build.0 = Release|Any CPU
		{3DBE001B-07F1-47CB-904B-562FBDAF2310}.Release|ARM64.ActiveCfg = Release|Any CPU
		{3DBE001B-07F1-47CB-904B-562FBDAF2310}.Release|ARM64.Build.0 = Release|Any CPU
		{3DBE001B-07F1-47CB-904B-562FBDAF2310}.Release|x64.ActiveCfg = Release|Any CPU
		{3DBE001B-07F1-47CB-904B-562FBDAF2310}.Release|x64.Build.0 = Release|Any CPU
		{3DBE001B-07F1-47CB-904B-562FBDAF2310}.Release|x86.ActiveCfg = Release|Any CPU
		{3DBE001B-07F1-47CB-904B-562FBDAF2310}.Release|x86.Build.0 = Release|Any CPU
		{BE5D48A6-40DF-4B25-BD39-EBD7069C4FFF}.Debug|Any CPU.ActiveCfg = Debug|Any CPU
		{BE5D48A6-40DF-4B25-BD39-EBD7069C4FFF}.Debug|Any CPU.Build.0 = Debug|Any CPU
		{BE5D48A6-40DF-4B25-BD39-EBD7069C4FFF}.Debug|ARM.ActiveCfg = Debug|Any CPU
		{BE5D48A6-40DF-4B25-BD39-EBD7069C4FFF}.Debug|ARM.Build.0 = Debug|Any CPU
		{BE5D48A6-40DF-4B25-BD39-EBD7069C4FFF}.Debug|ARM64.ActiveCfg = Debug|Any CPU
		{BE5D48A6-40DF-4B25-BD39-EBD7069C4FFF}.Debug|ARM64.Build.0 = Debug|Any CPU
		{BE5D48A6-40DF-4B25-BD39-EBD7069C4FFF}.Debug|x64.ActiveCfg = Debug|Any CPU
		{BE5D48A6-40DF-4B25-BD39-EBD7069C4FFF}.Debug|x64.Build.0 = Debug|Any CPU
		{BE5D48A6-40DF-4B25-BD39-EBD7069C4FFF}.Debug|x86.ActiveCfg = Debug|Any CPU
		{BE5D48A6-40DF-4B25-BD39-EBD7069C4FFF}.Debug|x86.Build.0 = Debug|Any CPU
		{BE5D48A6-40DF-4B25-BD39-EBD7069C4FFF}.Release|Any CPU.ActiveCfg = Release|Any CPU
		{BE5D48A6-40DF-4B25-BD39-EBD7069C4FFF}.Release|Any CPU.Build.0 = Release|Any CPU
		{BE5D48A6-40DF-4B25-BD39-EBD7069C4FFF}.Release|ARM.ActiveCfg = Release|Any CPU
		{BE5D48A6-40DF-4B25-BD39-EBD7069C4FFF}.Release|ARM.Build.0 = Release|Any CPU
		{BE5D48A6-40DF-4B25-BD39-EBD7069C4FFF}.Release|ARM64.ActiveCfg = Release|Any CPU
		{BE5D48A6-40DF-4B25-BD39-EBD7069C4FFF}.Release|ARM64.Build.0 = Release|Any CPU
		{BE5D48A6-40DF-4B25-BD39-EBD7069C4FFF}.Release|x64.ActiveCfg = Release|Any CPU
		{BE5D48A6-40DF-4B25-BD39-EBD7069C4FFF}.Release|x64.Build.0 = Release|Any CPU
		{BE5D48A6-40DF-4B25-BD39-EBD7069C4FFF}.Release|x86.ActiveCfg = Release|Any CPU
		{BE5D48A6-40DF-4B25-BD39-EBD7069C4FFF}.Release|x86.Build.0 = Release|Any CPU
		{669ED850-47E0-43CC-919F-8496340976F8}.Debug|Any CPU.ActiveCfg = Debug|Any CPU
		{669ED850-47E0-43CC-919F-8496340976F8}.Debug|Any CPU.Build.0 = Debug|Any CPU
		{669ED850-47E0-43CC-919F-8496340976F8}.Debug|ARM.ActiveCfg = Debug|Any CPU
		{669ED850-47E0-43CC-919F-8496340976F8}.Debug|ARM.Build.0 = Debug|Any CPU
		{669ED850-47E0-43CC-919F-8496340976F8}.Debug|ARM64.ActiveCfg = Debug|Any CPU
		{669ED850-47E0-43CC-919F-8496340976F8}.Debug|ARM64.Build.0 = Debug|Any CPU
		{669ED850-47E0-43CC-919F-8496340976F8}.Debug|x64.ActiveCfg = Debug|Any CPU
		{669ED850-47E0-43CC-919F-8496340976F8}.Debug|x64.Build.0 = Debug|Any CPU
		{669ED850-47E0-43CC-919F-8496340976F8}.Debug|x86.ActiveCfg = Debug|Any CPU
		{669ED850-47E0-43CC-919F-8496340976F8}.Debug|x86.Build.0 = Debug|Any CPU
		{669ED850-47E0-43CC-919F-8496340976F8}.Release|Any CPU.ActiveCfg = Release|Any CPU
		{669ED850-47E0-43CC-919F-8496340976F8}.Release|Any CPU.Build.0 = Release|Any CPU
		{669ED850-47E0-43CC-919F-8496340976F8}.Release|ARM.ActiveCfg = Release|Any CPU
		{669ED850-47E0-43CC-919F-8496340976F8}.Release|ARM.Build.0 = Release|Any CPU
		{669ED850-47E0-43CC-919F-8496340976F8}.Release|ARM64.ActiveCfg = Release|Any CPU
		{669ED850-47E0-43CC-919F-8496340976F8}.Release|ARM64.Build.0 = Release|Any CPU
		{669ED850-47E0-43CC-919F-8496340976F8}.Release|x64.ActiveCfg = Release|Any CPU
		{669ED850-47E0-43CC-919F-8496340976F8}.Release|x64.Build.0 = Release|Any CPU
		{669ED850-47E0-43CC-919F-8496340976F8}.Release|x86.ActiveCfg = Release|Any CPU
		{669ED850-47E0-43CC-919F-8496340976F8}.Release|x86.Build.0 = Release|Any CPU
		{66D252D4-BEE5-4B86-9230-CC264B909273}.Debug|Any CPU.ActiveCfg = Debug|Any CPU
		{66D252D4-BEE5-4B86-9230-CC264B909273}.Debug|Any CPU.Build.0 = Debug|Any CPU
		{66D252D4-BEE5-4B86-9230-CC264B909273}.Debug|ARM.ActiveCfg = Debug|Any CPU
		{66D252D4-BEE5-4B86-9230-CC264B909273}.Debug|ARM.Build.0 = Debug|Any CPU
		{66D252D4-BEE5-4B86-9230-CC264B909273}.Debug|ARM64.ActiveCfg = Debug|Any CPU
		{66D252D4-BEE5-4B86-9230-CC264B909273}.Debug|ARM64.Build.0 = Debug|Any CPU
		{66D252D4-BEE5-4B86-9230-CC264B909273}.Debug|x64.ActiveCfg = Debug|Any CPU
		{66D252D4-BEE5-4B86-9230-CC264B909273}.Debug|x64.Build.0 = Debug|Any CPU
		{66D252D4-BEE5-4B86-9230-CC264B909273}.Debug|x86.ActiveCfg = Debug|Any CPU
		{66D252D4-BEE5-4B86-9230-CC264B909273}.Debug|x86.Build.0 = Debug|Any CPU
		{66D252D4-BEE5-4B86-9230-CC264B909273}.Release|Any CPU.ActiveCfg = Release|Any CPU
		{66D252D4-BEE5-4B86-9230-CC264B909273}.Release|Any CPU.Build.0 = Release|Any CPU
		{66D252D4-BEE5-4B86-9230-CC264B909273}.Release|ARM.ActiveCfg = Release|Any CPU
		{66D252D4-BEE5-4B86-9230-CC264B909273}.Release|ARM.Build.0 = Release|Any CPU
		{66D252D4-BEE5-4B86-9230-CC264B909273}.Release|ARM64.ActiveCfg = Release|Any CPU
		{66D252D4-BEE5-4B86-9230-CC264B909273}.Release|ARM64.Build.0 = Release|Any CPU
		{66D252D4-BEE5-4B86-9230-CC264B909273}.Release|x64.ActiveCfg = Release|Any CPU
		{66D252D4-BEE5-4B86-9230-CC264B909273}.Release|x64.Build.0 = Release|Any CPU
		{66D252D4-BEE5-4B86-9230-CC264B909273}.Release|x86.ActiveCfg = Release|Any CPU
		{66D252D4-BEE5-4B86-9230-CC264B909273}.Release|x86.Build.0 = Release|Any CPU
	EndGlobalSection
	GlobalSection(SolutionProperties) = preSolution
		HideSolutionNode = FALSE
	EndGlobalSection
	GlobalSection(ExtensibilityGlobals) = postSolution
		SolutionGuid = {95B3944F-AF44-4422-AA9B-6FD4CF80FB46}
	EndGlobalSection
EndGlobal
