
Microsoft Visual Studio Solution File, Format Version 12.00
# Visual Studio Version 17
VisualStudioVersion = 17.0.31919.166
MinimumVisualStudioVersion = 10.0.40219.1
Project("{FAE04EC0-301F-11D3-BF4B-00C04F79EFBC}") = "Photography_MVC", "Test2MVC\Photography_MVC.csproj", "{D2E413EC-5271-41B0-84F5-53AFEF84A8D9}"
EndProject
Global
	GlobalSection(SolutionConfigurationPlatforms) = preSolution
		Debug|Any CPU = Debug|Any CPU
		Release|Any CPU = Release|Any CPU
	EndGlobalSection
	GlobalSection(ProjectConfigurationPlatforms) = postSolution
		{D2E413EC-5271-41B0-84F5-53AFEF84A8D9}.Debug|Any CPU.ActiveCfg = Debug|Any CPU
		{D2E413EC-5271-41B0-84F5-53AFEF84A8D9}.Debug|Any CPU.Build.0 = Debug|Any CPU
		{D2E413EC-5271-41B0-84F5-53AFEF84A8D9}.Release|Any CPU.ActiveCfg = Release|Any CPU
		{D2E413EC-5271-41B0-84F5-53AFEF84A8D9}.Release|Any CPU.Build.0 = Release|Any CPU
	EndGlobalSection
	GlobalSection(SolutionProperties) = preSolution
		HideSolutionNode = FALSE
	EndGlobalSection
	GlobalSection(ExtensibilityGlobals) = postSolution
		SolutionGuid = {95B3944F-AF44-4422-AA9B-6FD4CF80FB46}
	EndGlobalSection
EndGlobal
